<?xml version="1.0" encoding="utf-8"?>
<Project ToolsVersion="4.0" xmlns="http://schemas.microsoft.com/developer/msbuild/2003">
  <ItemGroup>
    <Filter Include="Source Files">
      <UniqueIdentifier>{4FC737F1-C7A5-4376-A066-2A32D752A2FF}</UniqueIdentifier>
      <Extensions>cpp;c;cc;cxx;def;odl;idl;hpj;bat;asm;asmx</Extensions>
    </Filter>
    <Filter Include="Header Files">
      <UniqueIdentifier>{93995380-89BD-4b04-88EB-625FBE52EBFB}</UniqueIdentifier>
      <Extensions>h;hpp;hxx;hm;inl;inc;xsd</Extensions>
    </Filter>
    <Filter Include="Resource Files">
      <UniqueIdentifier>{67DA6AB6-F800-4c08-8B7A-83BB121AAD01}</UniqueIdentifier>
      <Extensions>rc;ico;cur;bmp;dlg;rc2;rct;bin;rgs;gif;jpg;jpeg;jpe;resx;tiff;tif;png;wav;mfcribbon-ms</Extensions>
    </Filter>
    <Filter Include="Source Files\Lib">
      <UniqueIdentifier>{ab98d232-43b2-4da0-8ca3-bb60dbfb3020}</UniqueIdentifier>
    </Filter>
    <Filter Include="Header Files\Lib">
      <UniqueIdentifier>{a58f31e0-bef0-4e2c-84ef-e79d0daf41e3}</UniqueIdentifier>
    </Filter>
  </ItemGroup>
  <ItemGroup>
    <ClCompile Include="..\..\..\..\src\stc3115_I2C.c">
      <Filter>Source Files\Lib</Filter>
    </ClCompile>
    <ClCompile Include="..\..\..\..\src\stc3115_Driver.c">
      <Filter>Source Files\Lib</Filter>
    </ClCompile>
    <ClCompile Include="..\..\..\..\Examples\DriverExamples\stc3115_BasicExample.c">
      <Filter>Source Files</Filter>
    </ClCompile>
    <ClCompile Include="..\..\..\..\Examples\DriverExamples\stc3115_AdvancedExample.c">
      <Filter>Source Files</Filter>
    </ClCompile>
  </ItemGroup>
  <ItemGroup>
    <ClInclude Include="..\..\..\..\src\stc3115_Driver.h">
      <Filter>Header Files\Lib</Filter>
    </ClInclude>
    <ClInclude Include="..\..\..\..\src\stc3115_I2C.h">
      <Filter>Header Files\Lib</Filter>
    </ClInclude>
    <ClInclude Include="..\..\..\..\src\stc3115_Battery.h">
      <Filter>Header Files</Filter>
    </ClInclude>
  </ItemGroup>
</Project>